
Microsoft Visual Studio Solution File, Format Version 12.00
# Visual Studio Version 17
VisualStudioVersion = 17.0.31903.59
MinimumVisualStudioVersion = 10.0.40219.1
Project("{2150E333-8FDC-42A3-9474-1A3956D46DE8}") = "src", "src", "{901CB0E6-A331-4300-A97F-3E3E93BDA8A3}"
EndProject
Project("{FAE04EC0-301F-11D3-BF4B-00C04F79EFBC}") = "ToDoList.WebApi", "src\ToDoList.WebApi\ToDoList.WebApi.csproj", "{C7635D9B-71AC-48E0-A4AC-35FDCA729202}"
EndProject
Global
	GlobalSection(SolutionConfigurationPlatforms) = preSolution
		Debug|Any CPU = Debug|Any CPU
		Release|Any CPU = Release|Any CPU
	EndGlobalSection
	GlobalSection(SolutionProperties) = preSolution
		HideSolutionNode = FALSE
	EndGlobalSection
	GlobalSection(ProjectConfigurationPlatforms) = postSolution
		{C7635D9B-71AC-48E0-A4AC-35FDCA729202}.Debug|Any CPU.ActiveCfg = Debug|Any CPU
		{C7635D9B-71AC-48E0-A4AC-35FDCA729202}.Debug|Any CPU.Build.0 = Debug|Any CPU
		{C7635D9B-71AC-48E0-A4AC-35FDCA729202}.Release|Any CPU.ActiveCfg = Release|Any CPU
		{C7635D9B-71AC-48E0-A4AC-35FDCA729202}.Release|Any CPU.Build.0 = Release|Any CPU
	EndGlobalSection
	GlobalSection(NestedProjects) = preSolution
		{C7635D9B-71AC-48E0-A4AC-35FDCA729202} = {901CB0E6-A331-4300-A97F-3E3E93BDA8A3}
	EndGlobalSection
EndGlobal
